
Microsoft Visual Studio Solution File, Format Version 12.00
# Visual Studio Version 17
VisualStudioVersion = 17.8.34511.84
MinimumVisualStudioVersion = 10.0.40219.1
Project("{FAE04EC0-301F-11D3-BF4B-00C04F79EFBC}") = "T2QR2024", "T2QR2024\T2QR2024.csproj", "{9F50334D-9177-4354-B68D-DFE3B9277118}"
EndProject
Global
	GlobalSection(SolutionConfigurationPlatforms) = preSolution
		Debug|Any CPU = Debug|Any CPU
		Release|Any CPU = Release|Any CPU
	EndGlobalSection
	GlobalSection(ProjectConfigurationPlatforms) = postSolution
		{9F50334D-9177-4354-B68D-DFE3B9277118}.Debug|Any CPU.ActiveCfg = Debug|Any CPU
		{9F50334D-9177-4354-B68D-DFE3B9277118}.Debug|Any CPU.Build.0 = Debug|Any CPU
		{9F50334D-9177-4354-B68D-DFE3B9277118}.Release|Any CPU.ActiveCfg = Release|Any CPU
		{9F50334D-9177-4354-B68D-DFE3B9277118}.Release|Any CPU.Build.0 = Release|Any CPU
	EndGlobalSection
	GlobalSection(SolutionProperties) = preSolution
		HideSolutionNode = FALSE
	EndGlobalSection
	GlobalSection(ExtensibilityGlobals) = postSolution
		SolutionGuid = {F6BF9591-58A8-4832-A6B9-DD09691EE10B}
	EndGlobalSection
EndGlobal
